# THIS IS AN AUTOGENERATED FILE. DO NOT EDIT THIS FILE DIRECTLY.
# yarn lockfile v1


"@babel/code-frame@^7.10.4":
  version "7.18.6"
  resolved "https://registry.npmjs.org/@babel/code-frame/-/code-frame-7.18.6.tgz"
  integrity sha512-TDCmlK5eOvH+eH7cdAFlNXeVJqWIQ7gW9tY1GJIpUtFb6CmjVyq2VM3u71bOyR8CRihcCgMUYoDNyLXao3+70Q==
  dependencies:
    "@babel/highlight" "^7.18.6"

"@babel/helper-validator-identifier@^7.18.6":
  version "7.19.1"
  resolved "https://registry.npmjs.org/@babel/helper-validator-identifier/-/helper-validator-identifier-7.19.1.tgz"
  integrity sha512-awrNfaMtnHUr653GgGEs++LlAvW6w+DcPrOliSMXWCKo597CwL5Acf/wWdNkf/tfEQE3mjkeD1YOVZOUV/od1w==

"@babel/highlight@^7.18.6":
  version "7.18.6"
  resolved "https://registry.npmjs.org/@babel/highlight/-/highlight-7.18.6.tgz"
  integrity sha512-u7stbOuYjaPezCuLj29hNW1v64M2Md2qupEKP1fHc7WdOA3DgLh37suiSrZYY7haUB7iBeQZ9P1uiRF359do3g==
  dependencies:
    "@babel/helper-validator-identifier" "^7.18.6"
    chalk "^2.0.0"
    js-tokens "^4.0.0"

"@jridgewell/gen-mapping@^0.3.0":
  version "0.3.2"
  resolved "https://registry.npmjs.org/@jridgewell/gen-mapping/-/gen-mapping-0.3.2.tgz"
  integrity sha512-mh65xKQAzI6iBcFzwv28KVWSmCkdRBWoOh+bYQGW3+6OZvbbN3TqMGo5hqYxQniRcH9F2VZIoJCm4pa3BPDK/A==
  dependencies:
    "@jridgewell/set-array" "^1.0.1"
    "@jridgewell/sourcemap-codec" "^1.4.10"
    "@jridgewell/trace-mapping" "^0.3.9"

"@jridgewell/resolve-uri@3.1.0":
  version "3.1.0"
  resolved "https://registry.npmjs.org/@jridgewell/resolve-uri/-/resolve-uri-3.1.0.tgz"
  integrity sha512-F2msla3tad+Mfht5cJq7LSXcdudKTWCVYUgw6pLFOOHSTtZlj6SWNYAp+AhuqLmWdBO2X5hPrLcu8cVP8fy28w==

"@jridgewell/set-array@^1.0.1":
  version "1.1.2"
  resolved "https://registry.npmjs.org/@jridgewell/set-array/-/set-array-1.1.2.tgz"
  integrity sha512-xnkseuNADM0gt2bs+BvhO0p78Mk762YnZdsuzFV018NoG1Sj1SCQvpSqa7XUaTam5vAGasABV9qXASMKnFMwMw==

"@jridgewell/source-map@^0.3.2":
  version "0.3.2"
  resolved "https://registry.npmjs.org/@jridgewell/source-map/-/source-map-0.3.2.tgz"
  integrity sha512-m7O9o2uR8k2ObDysZYzdfhb08VuEml5oWGiosa1VdaPZ/A6QyPkAJuwN0Q1lhULOf6B7MtQmHENS743hWtCrgw==
  dependencies:
    "@jridgewell/gen-mapping" "^0.3.0"
    "@jridgewell/trace-mapping" "^0.3.9"

"@jridgewell/sourcemap-codec@1.4.14":
  version "1.4.14"
  resolved "https://registry.npmjs.org/@jridgewell/sourcemap-codec/-/sourcemap-codec-1.4.14.tgz"
  integrity sha512-XPSJHWmi394fuUuzDnGz1wiKqWfo1yXecHQMRf2l6hztTO+nPru658AyDngaBe7isIxEkRsPR3FZh+s7iVa4Uw==

"@jridgewell/sourcemap-codec@^1.4.10", "@jridgewell/sourcemap-codec@^1.4.15":
  version "1.4.15"
  resolved "https://registry.npmjs.org/@jridgewell/sourcemap-codec/-/sourcemap-codec-1.4.15.tgz"
  integrity sha512-eF2rxCRulEKXHTRiDrDy6erMYWqNw4LPdQ8UQA4huuxaQsVeRPFl2oM8oDGxMFhJUWZf9McpLtJasDDZb/Bpeg==

"@jridgewell/trace-mapping@^0.3.9":
  version "0.3.17"
  resolved "https://registry.npmjs.org/@jridgewell/trace-mapping/-/trace-mapping-0.3.17.tgz"
  integrity sha512-MCNzAp77qzKca9+W/+I0+sEpaUnZoeasnghNeVc41VZCEKaCH73Vq3BZZ/SzWIgrqE4H4ceI+p+b6C0mHf9T4g==
  dependencies:
    "@jridgewell/resolve-uri" "3.1.0"
    "@jridgewell/sourcemap-codec" "1.4.14"

"@mdn/browser-compat-data@^5.3.7":
  version "5.3.14"
  resolved "https://registry.npmjs.org/@mdn/browser-compat-data/-/browser-compat-data-5.3.14.tgz"
  integrity sha512-Y9XQrphVcE6u9xMm+gIqN86opbU/5s2W1pdPyKRyFV5B7+2jWM2gLI5JpfhZncaoDKvhy6FYwK04aCz5UM/bTQ==

"@playwright/test@^1.40.0":
  version "1.40.0"
  resolved "https://registry.npmjs.org/@playwright/test/-/test-1.40.0.tgz"
  integrity sha512-PdW+kn4eV99iP5gxWNSDQCbhMaDVej+RXL5xr6t04nbKLCBwYtA046t7ofoczHOm8u6c+45hpDKQVZqtqwkeQg==
  dependencies:
    playwright "1.40.0"

"@rollup/plugin-json@^6.0.1":
  version "6.0.1"
  resolved "https://registry.npmjs.org/@rollup/plugin-json/-/plugin-json-6.0.1.tgz"
  integrity sha512-RgVfl5hWMkxN1h/uZj8FVESvPuBJ/uf6ly6GTj0GONnkfoBN5KC0MSz+PN2OLDgYXMhtG0mWpTrkiOjoxAIevw==
  dependencies:
    "@rollup/pluginutils" "^5.0.1"

"@rollup/pluginutils@^5.0.1", "@rollup/pluginutils@^5.0.2":
  version "5.0.2"
  resolved "https://registry.npmjs.org/@rollup/pluginutils/-/pluginutils-5.0.2.tgz"
  integrity sha512-pTd9rIsP92h+B6wWwFbW8RkZv4hiR/xKsqre4SIuAOaOEQRxi0lqLke9k2/7WegC85GgUs9pjmOjCUi3In4vwA==
  dependencies:
    "@types/estree" "^1.0.0"
    estree-walker "^2.0.2"
    picomatch "^2.3.1"

"@rollup/rollup-android-arm-eabi@4.3.0":
  version "4.3.0"
  resolved "https://registry.yarnpkg.com/@rollup/rollup-android-arm-eabi/-/rollup-android-arm-eabi-4.3.0.tgz#8ad8a660b18f1a24ad4a272738a65ac4788a8811"
  integrity sha512-/4pns6BYi8MXdwnXM44yoGAcFYVHL/BYlB2q1HXZ6AzH++LaiEVWFpBWQ/glXhbMbv3E3o09igrHFbP/snhAvA==

"@rollup/rollup-android-arm64@4.3.0":
  version "4.3.0"
  resolved "https://registry.yarnpkg.com/@rollup/rollup-android-arm64/-/rollup-android-arm64-4.3.0.tgz#17b0f412034d14668c8acc8b7cbd8b1c76279599"
  integrity sha512-nLO/JsL9idr416vzi3lHm3Xm+QZh4qHij8k3Er13kZr5YhL7/+kBAx84kDmPc7HMexLmwisjDCeDIKNFp8mDlQ==

"@rollup/rollup-darwin-arm64@4.3.0":
  version "4.3.0"
  resolved "https://registry.npmjs.org/@rollup/rollup-darwin-arm64/-/rollup-darwin-arm64-4.3.0.tgz"
  integrity sha512-dGhVBlllt4iHwTGy21IEoMOTN5wZoid19zEIxsdY29xcEiOEHqzDa7Sqrkh5OE7LKCowL61eFJXxYe/+pYa7ZQ==

"@rollup/rollup-darwin-x64@4.3.0":
  version "4.3.0"
  resolved "https://registry.yarnpkg.com/@rollup/rollup-darwin-x64/-/rollup-darwin-x64-4.3.0.tgz#52ad0db40d9b5ae047dfc08e54e4b3f42feaef82"
  integrity sha512-h8wRfHeLEbU3NzaP1Oku7BYXCJQiTRr+8U0lklyOQXxXiEpHLL8tk1hFl+tezoRKLcPJD7joKaK74ASsqt3Ekg==

"@rollup/rollup-linux-arm-gnueabihf@4.3.0":
  version "4.3.0"
  resolved "https://registry.yarnpkg.com/@rollup/rollup-linux-arm-gnueabihf/-/rollup-linux-arm-gnueabihf-4.3.0.tgz#2ad3d190af01d7fc8704e8e782c4a24006a9f21a"
  integrity sha512-wP4VgR/gfV18sylTuym3sxRTkAgUR2vh6YLeX/GEznk5jCYcYSlx585XlcUcl0c8UffIZlRJ09raWSX3JDb4GA==

"@rollup/rollup-linux-arm64-gnu@4.3.0":
  version "4.3.0"
  resolved "https://registry.yarnpkg.com/@rollup/rollup-linux-arm64-gnu/-/rollup-linux-arm64-gnu-4.3.0.tgz#4f7ba42f779f06e93876755b7393c61676e2958a"
  integrity sha512-v/14JCYVkqRSJeQbxFx4oUkwVQQw6lFMN7bd4vuARBc3X2lmomkxBsc+BFiIDL/BK+CTx5AOh/k9XmqDnKWRVg==

"@rollup/rollup-linux-arm64-musl@4.3.0":
  version "4.3.0"
  resolved "https://registry.yarnpkg.com/@rollup/rollup-linux-arm64-musl/-/rollup-linux-arm64-musl-4.3.0.tgz#64795a09dac02b4d779819509a793b93ba7e4c0d"
  integrity sha512-tNhfYqFH5OxtRzfkTOKdgFYlPSZnlDLNW4+leNEvQZhwTJxoTwsZAAhR97l3qVry/kkLyJPBK+Q8EAJLPinDIg==

"@rollup/rollup-linux-x64-gnu@4.3.0":
  version "4.3.0"
  resolved "https://registry.yarnpkg.com/@rollup/rollup-linux-x64-gnu/-/rollup-linux-x64-gnu-4.3.0.tgz#00c1ff131ba16881eb1a0ad46b0aa10dcacb010e"
  integrity sha512-pw77m8QywdsoFdFOgmc8roF1inBI0rciqzO8ffRUgLoq7+ee9o5eFqtEcS6hHOOplgifAUUisP8cAnwl9nUYPw==

"@rollup/rollup-linux-x64-musl@4.3.0":
  version "4.3.0"
  resolved "https://registry.yarnpkg.com/@rollup/rollup-linux-x64-musl/-/rollup-linux-x64-musl-4.3.0.tgz#89479dce5e5bf6850fbca92fa7f1637ddd70c9ef"
  integrity sha512-tJs7v2MnV2F8w6X1UpPHl/43OfxjUy9SuJ2ZPoxn79v9vYteChVYO/ueLHCpRMmyTUIVML3N9z4azl9ENH8Xxg==

"@rollup/rollup-win32-arm64-msvc@4.3.0":
  version "4.3.0"
  resolved "https://registry.yarnpkg.com/@rollup/rollup-win32-arm64-msvc/-/rollup-win32-arm64-msvc-4.3.0.tgz#1a36aba17c7efe6d61e98b8049e70b40e33b1f45"
  integrity sha512-OKGxp6kATQdTyI2DF+e9s+hB3/QZB45b6e+dzcfW1SUqiF6CviWyevhmT4USsMEdP3mlpC9zxLz3Oh+WaTMOSw==

"@rollup/rollup-win32-ia32-msvc@4.3.0":
  version "4.3.0"
  resolved "https://registry.yarnpkg.com/@rollup/rollup-win32-ia32-msvc/-/rollup-win32-ia32-msvc-4.3.0.tgz#a0b1f79afde51e390a7725b7c15ab4e0df780aea"
  integrity sha512-DDZ5AH68JJ2ClQFEA1aNnfA7Ybqyeh0644rGbrLOdNehTmzfICHiWSn0OprzYi9HAshTPQvlwrM+bi2kuaIOjQ==

"@rollup/rollup-win32-x64-msvc@4.3.0":
  version "4.3.0"
  resolved "https://registry.yarnpkg.com/@rollup/rollup-win32-x64-msvc/-/rollup-win32-x64-msvc-4.3.0.tgz#0b9bcc159b93c911efb5a2c39ec5d70dd0a589dc"
  integrity sha512-dMvGV8p92GQ8jhNlGIKpyhVZPzJlT258pPrM5q2F8lKcc9Iv9BbfdnhX1OfinYWnb9ms5zLw6MlaMnqLfUkKnQ==

"@types/estree@^1.0.0":
  version "1.0.0"
  resolved "https://registry.npmjs.org/@types/estree/-/estree-1.0.0.tgz"
  integrity sha512-WulqXMDUTYAXCjZnk6JtIHPigp55cVtDgDrO2gHRwhyJto21+1zbVCtOYB2L1F9w4qCQ0rOGWBnBe0FNTiEJIQ==

"@types/node@*":
  version "18.15.3"
  resolved "https://registry.npmjs.org/@types/node/-/node-18.15.3.tgz"
  integrity sha512-p6ua9zBxz5otCmbpb5D3U4B5Nanw6Pk3PPyX05xnxbB/fRv71N7CPmORg7uAD5P70T0xmx1pzAx/FUfa5X+3cw==

"@types/node@^17.0.36":
  version "17.0.45"
  resolved "https://registry.npmjs.org/@types/node/-/node-17.0.45.tgz"
  integrity sha512-w+tIMs3rq2afQdsPJlODhoUEKzFP1ayaoyl1CcnwtIlsVe7K7bA1NGm4s3PraqTLlXnbIN84zuBlxBWo1u9BLw==

"@types/node@^20.9.4":
  version "20.9.4"
  resolved "https://registry.npmjs.org/@types/node/-/node-20.9.4.tgz"
  integrity sha512-wmyg8HUhcn6ACjsn8oKYjkN/zUzQeNtMy44weTJSM6p4MMzEOuKbA3OjJ267uPCOW7Xex9dyrNTful8XTQYoDA==
  dependencies:
    undici-types "~5.26.4"

"@types/object-path@^0.11.1":
  version "0.11.1"
  resolved "https://registry.npmjs.org/@types/object-path/-/object-path-0.11.1.tgz"
  integrity sha512-219LSCO9HPcoXcRTC6DbCs0FRhZgBnEMzf16RRqkT40WbkKx3mOeQuz3e2XqbfhOz/AHfbru0kzB1n1RCAsIIg==

"@types/semver@^7.5.0":
  version "7.5.1"
  resolved "https://registry.npmjs.org/@types/semver/-/semver-7.5.1.tgz"
  integrity sha512-cJRQXpObxfNKkFAZbJl2yjWtJCqELQIdShsogr1d2MilP8dKD9TE/nEKHkJgUNHdGKCQaf9HbIynuV2csLGVLg==

"@types/ua-parser-js@^0.7.36":
  version "0.7.36"
  resolved "https://registry.npmjs.org/@types/ua-parser-js/-/ua-parser-js-0.7.36.tgz"
  integrity sha512-N1rW+njavs70y2cApeIw1vLMYXRwfBy+7trgavGuuTfOd7j1Yh7QTRc/yqsPl6ncokt72ZXuxEU0PiCp9bSwNQ==

"@wessberg/stringutil@^1.0.19":
  version "1.0.19"
  resolved "https://registry.npmjs.org/@wessberg/stringutil/-/stringutil-1.0.19.tgz"
  integrity sha512-9AZHVXWlpN8Cn9k5BC/O0Dzb9E9xfEMXzYrNunwvkUTvuK7xgQPVRZpLo+jWCOZ5r8oBa8NIrHuPEu1hzbb6bg==

acorn@^8.5.0:
  version "8.8.2"
  resolved "https://registry.npmjs.org/acorn/-/acorn-8.8.2.tgz"
  integrity sha512-xjIYgE8HBrkpd/sJqOGNspf8uHG+NOHGOw6a/Urj8taM2EXfdNAH2oFcPeIFfsv3+kz/mJrS5VuMqbNLjCa2vw==

ansi-colors@^4.1.3:
  version "4.1.3"
  resolved "https://registry.npmjs.org/ansi-colors/-/ansi-colors-4.1.3.tgz"
  integrity sha512-/6w/C21Pm1A7aZitlI5Ni/2J6FFQN8i1Cvz3kHABAAbw93v/NlvKdVOqz7CCWz/3iv/JplRSEEZ83XION15ovw==

ansi-styles@^3.2.1:
  version "3.2.1"
  resolved "https://registry.npmjs.org/ansi-styles/-/ansi-styles-3.2.1.tgz"
  integrity sha512-VT0ZI6kZRdTh8YyJw3SMbYm/u+NqfsAxEpWO0Pf9sq8/e94WxxOpPKx9FR1FlyCtOVDNOQ+8ntlqFxiRc+r5qA==
  dependencies:
    color-convert "^1.9.0"

browserslist-generator@^2.1.0:
  version "2.1.0"
  resolved "https://registry.npmjs.org/browserslist-generator/-/browserslist-generator-2.1.0.tgz"
  integrity sha512-ZFz4mAOgqm0cbwKaZsfJbYDbTXGoPANlte7qRsRJOfjB9KmmISQrXJxAVrnXG8C8v/QHNzXyeJt0Cfcks6zZvQ==
  dependencies:
    "@mdn/browser-compat-data" "^5.3.7"
    "@types/object-path" "^0.11.1"
    "@types/semver" "^7.5.0"
    "@types/ua-parser-js" "^0.7.36"
    browserslist "^4.21.10"
    caniuse-lite "^1.0.30001518"
    isbot "^3.6.13"
    object-path "^0.11.8"
    semver "^7.5.4"
    ua-parser-js "^1.0.35"

browserslist@^4.21.10:
  version "4.21.10"
  resolved "https://registry.npmjs.org/browserslist/-/browserslist-4.21.10.tgz"
  integrity sha512-bipEBdZfVH5/pwrvqc+Ub0kUPVfGUhlKxbvfD+z1BDnPEO/X98ruXGA1WP5ASpAFKan7Qr6j736IacbZQuAlKQ==
  dependencies:
    caniuse-lite "^1.0.30001517"
    electron-to-chromium "^1.4.477"
    node-releases "^2.0.13"
    update-browserslist-db "^1.0.11"

buffer-from@^1.0.0:
  version "1.1.2"
  resolved "https://registry.npmjs.org/buffer-from/-/buffer-from-1.1.2.tgz"
  integrity sha512-E+XQCRwSbaaiChtv6k6Dwgc+bx+Bs6vuKJHHl5kox/BaKbhiXzqQOwK4cO22yElGp2OCmjwVhT3HmxgyPGnJfQ==

caniuse-lite@^1.0.30001517, caniuse-lite@^1.0.30001518:
  version "1.0.30001525"
  resolved "https://registry.npmjs.org/caniuse-lite/-/caniuse-lite-1.0.30001525.tgz"
  integrity sha512-/3z+wB4icFt3r0USMwxujAqRvaD/B7rvGTsKhbhSQErVrJvkZCLhgNLJxU8MevahQVH6hCU9FsHdNUFbiwmE7Q==

chalk@^2.0.0:
  version "2.4.2"
  resolved "https://registry.npmjs.org/chalk/-/chalk-2.4.2.tgz"
  integrity sha512-Mti+f9lpJNcwF4tWV8/OrTTtF1gZi+f8FqlyAdouralcFWFQWF2+NgCHShjkCb+IFBLq9buZwE1xckQU4peSuQ==
  dependencies:
    ansi-styles "^3.2.1"
    escape-string-regexp "^1.0.5"
    supports-color "^5.3.0"

color-convert@^1.9.0:
  version "1.9.3"
  resolved "https://registry.npmjs.org/color-convert/-/color-convert-1.9.3.tgz"
  integrity sha512-QfAUtd+vFdAtFQcC8CCyYt1fYWxSqAiK2cSD6zDB8N3cpsEBAvRxp9zOGg6G/SHHJYAT88/az/IuDGALsNVbGg==
  dependencies:
    color-name "1.1.3"

color-name@1.1.3:
  version "1.1.3"
  resolved "https://registry.npmjs.org/color-name/-/color-name-1.1.3.tgz"
  integrity sha512-72fSenhMw2HZMTVHeCA9KCmpEIbzWiQsjN+BHcBbS9vr1mtt+vJjPdksIBNUmKAW8TFUDPJK5SUU3QhE9NEXDw==

commander@^2.20.0:
  version "2.20.3"
  resolved "https://registry.npmjs.org/commander/-/commander-2.20.3.tgz"
  integrity sha512-GpVkmM8vF2vQUkj2LvZmD35JxeJOLCwJ9cUkugyk2nuhbv3+mJvpLYYt+0+USMxE+oj+ey/lJEnhZw75x/OMcQ==

compatfactory@^3.0.0:
  version "3.0.0"
  resolved "https://registry.npmjs.org/compatfactory/-/compatfactory-3.0.0.tgz"
  integrity sha512-WD5kF7koPwVoyKL8p0LlrmIZtilrD46sQStyzzxzTFinMKN2Dxk1hN+sddLSQU1mGIZvQfU8c+ONSghvvM40jg==
  dependencies:
    helpertypes "^0.0.19"

cross-spawn@^7.0.3:
  version "7.0.3"
  resolved "https://registry.yarnpkg.com/cross-spawn/-/cross-spawn-7.0.3.tgz#f73a85b9d5d41d045551c177e2882d4ac85728a6"
  integrity sha512-iRDPJKUPVEND7dHPO8rkbOnPpyDygcDFtWjpeWNCgy8WP2rXcxXL8TskReQl6OrB2G7+UJrags1q15Fudc7G6w==
  dependencies:
    path-key "^3.1.0"
    shebang-command "^2.0.0"
    which "^2.0.1"

crosspath@^2.0.0:
  version "2.0.0"
  resolved "https://registry.npmjs.org/crosspath/-/crosspath-2.0.0.tgz"
  integrity sha512-ju88BYCQ2uvjO2bR+SsgLSTwTSctU+6Vp2ePbKPgSCZyy4MWZxYsT738DlKVRE5utUjobjPRm1MkTYKJxCmpTA==
  dependencies:
    "@types/node" "^17.0.36"

dotenv-cli@^7.3.0:
  version "7.3.0"
  resolved "https://registry.yarnpkg.com/dotenv-cli/-/dotenv-cli-7.3.0.tgz#21e33e7944713001677658d68856063968edfbd2"
  integrity sha512-314CA4TyK34YEJ6ntBf80eUY+t1XaFLyem1k9P0sX1gn30qThZ5qZr/ZwE318gEnzyYP9yj9HJk6SqwE0upkfw==
  dependencies:
    cross-spawn "^7.0.3"
    dotenv "^16.3.0"
    dotenv-expand "^10.0.0"
    minimist "^1.2.6"

dotenv-expand@^10.0.0:
  version "10.0.0"
  resolved "https://registry.yarnpkg.com/dotenv-expand/-/dotenv-expand-10.0.0.tgz#12605d00fb0af6d0a592e6558585784032e4ef37"
  integrity sha512-GopVGCpVS1UKH75VKHGuQFqS1Gusej0z4FyQkPdwjil2gNIv+LNsqBlboOzpJFZKVT95GkCyWJbBSdFEFUWI2A==

dotenv@^16.3.0:
  version "16.3.1"
  resolved "https://registry.yarnpkg.com/dotenv/-/dotenv-16.3.1.tgz#369034de7d7e5b120972693352a3bf112172cc3e"
  integrity sha512-IPzF4w4/Rd94bA9imS68tZBaYyBWSCE47V1RGuMrB94iyTOIEwRmVL2x/4An+6mETpLrKJ5hQkB8W4kFAadeIQ==

electron-to-chromium@^1.4.477:
  version "1.4.508"
  resolved "https://registry.npmjs.org/electron-to-chromium/-/electron-to-chromium-1.4.508.tgz"
  integrity sha512-FFa8QKjQK/A5QuFr2167myhMesGrhlOBD+3cYNxO9/S4XzHEXesyTD/1/xF644gC8buFPz3ca6G1LOQD0tZrrg==

escalade@^3.1.1:
  version "3.1.1"
  resolved "https://registry.npmjs.org/escalade/-/escalade-3.1.1.tgz"
  integrity sha512-k0er2gUkLf8O0zKJiAhmkTnJlTvINGv7ygDNPbeIsX/TJjGJZHuh9B2UxbsaEkmlEo9MfhrSzmhIlhRlI2GXnw==

escape-string-regexp@^1.0.5:
  version "1.0.5"
  resolved "https://registry.npmjs.org/escape-string-regexp/-/escape-string-regexp-1.0.5.tgz"
  integrity sha512-vbRorB5FUQWvla16U8R/qgaFIya2qGzwDrNmCZuYKrbdSUMG6I1ZCGQRefkRVhuOkIGVne7BQ35DSfo1qvJqFg==

estree-walker@^2.0.2:
  version "2.0.2"
  resolved "https://registry.npmjs.org/estree-walker/-/estree-walker-2.0.2.tgz"
  integrity sha512-Rfkk/Mp/DL7JVje3u18FxFujQlTNR2q6QfMSMB7AvCBx91NGj/ba3kCfza0f6dVDbw7YlRf/nDrn7pQrCCyQ/w==

fsevents@2.3.2, fsevents@~2.3.2:
  version "2.3.2"
  resolved "https://registry.npmjs.org/fsevents/-/fsevents-2.3.2.tgz"
  integrity sha512-xiqMQR4xAeHTuB9uWm+fFRcIOgKBMiOBP+eXiyT7jsgVCq1bkVygt00oASowB7EdtpOHaaPgKt812P9ab+DDKA==

has-flag@^3.0.0:
  version "3.0.0"
  resolved "https://registry.npmjs.org/has-flag/-/has-flag-3.0.0.tgz"
  integrity sha512-sKJf1+ceQBr4SMkvQnBDNDtf4TXpVhVGateu0t918bl30FnbE2m4vNLX+VWe/dpjlb+HugGYzW7uQXH98HPEYw==

has-flag@^4.0.0:
  version "4.0.0"
  resolved "https://registry.npmjs.org/has-flag/-/has-flag-4.0.0.tgz"
  integrity sha512-EykJT/Q1KjTWctppgIAgfSO0tKVuZUjhgMr17kqTumMl6Afv3EISleU7qZUzoXDFTAHTDC4NOoG/ZxU3EvlMPQ==

helpertypes@^0.0.19:
  version "0.0.19"
  resolved "https://registry.npmjs.org/helpertypes/-/helpertypes-0.0.19.tgz"
  integrity sha512-J00e55zffgi3yVnUp0UdbMztNkr2PnizEkOe9URNohnrNhW5X0QpegkuLpOmFQInpi93Nb8MCjQRHAiCDF42NQ==

isbot@^3.6.13:
  version "3.6.13"
  resolved "https://registry.npmjs.org/isbot/-/isbot-3.6.13.tgz"
  integrity sha512-uoP4uK5Dc2CrabmK+Gue1jTL+scHiCc1c9rblRpJwG8CPxjLIv8jmGyyGRGkbPOweayhkskdZsEQXG6p+QCQrg==

isexe@^2.0.0:
  version "2.0.0"
  resolved "https://registry.yarnpkg.com/isexe/-/isexe-2.0.0.tgz#e8fbf374dc556ff8947a10dcb0572d633f2cfa10"
  integrity sha512-RHxMLp9lnKHGHRng9QFhRCMbYAcVpn69smSGcq3f36xjgVVWThj4qqLbTLlq7Ssj8B+fIQ1EuCEGI2lKsyQeIw==

jest-worker@^26.2.1:
  version "26.6.2"
  resolved "https://registry.npmjs.org/jest-worker/-/jest-worker-26.6.2.tgz"
  integrity sha512-KWYVV1c4i+jbMpaBC+U++4Va0cp8OisU185o73T1vo99hqi7w8tSJfUXYswwqqrjzwxa6KpRK54WhPvwf5w6PQ==
  dependencies:
    "@types/node" "*"
    merge-stream "^2.0.0"
    supports-color "^7.0.0"

js-tokens@^4.0.0:
  version "4.0.0"
  resolved "https://registry.npmjs.org/js-tokens/-/js-tokens-4.0.0.tgz"
  integrity sha512-RdJUflcE3cUzKiMqQgsCu06FPu9UdIJO0beYbPhHN4k6apgJtifcoCtT9bcxOpYBtpD2kCM6Sbzg4CausW/PKQ==

lru-cache@^6.0.0:
  version "6.0.0"
  resolved "https://registry.npmjs.org/lru-cache/-/lru-cache-6.0.0.tgz"
  integrity sha512-Jo6dJ04CmSjuznwJSS3pUeWmd/H0ffTlkXXgwZi+eq1UCmqQwCh+eLsYOYCwY991i2Fah4h1BEMCx4qThGbsiA==
  dependencies:
    yallist "^4.0.0"

magic-string@^0.30.2:
  version "0.30.3"
  resolved "https://registry.npmjs.org/magic-string/-/magic-string-0.30.3.tgz"
  integrity sha512-B7xGbll2fG/VjP+SWg4sX3JynwIU0mjoTc6MPpKNuIvftk6u6vqhDnk1R80b8C2GBR6ywqy+1DcKBrevBg+bmw==
  dependencies:
    "@jridgewell/sourcemap-codec" "^1.4.15"

merge-stream@^2.0.0:
  version "2.0.0"
  resolved "https://registry.npmjs.org/merge-stream/-/merge-stream-2.0.0.tgz"
  integrity sha512-abv/qOcuPfk3URPfDzmZU1LKmuw8kT+0nIHvKrKgFrwifol/doWcdA4ZqsWQ8ENrFKkd67Mfpo/LovbIUsbt3w==

minimist@^1.2.6:
  version "1.2.8"
  resolved "https://registry.yarnpkg.com/minimist/-/minimist-1.2.8.tgz#c1a464e7693302e082a075cee0c057741ac4772c"
  integrity sha512-2yyAR8qBkN3YuheJanUpWC5U3bb5osDywNB8RzDVlDwDHbocAJveqqj1u8+SVD7jkWT4yvsHCpWqqWqAxb0zCA==

node-releases@^2.0.13:
  version "2.0.13"
  resolved "https://registry.npmjs.org/node-releases/-/node-releases-2.0.13.tgz"
  integrity sha512-uYr7J37ae/ORWdZeQ1xxMJe3NtdmqMC/JZK+geofDrkLUApKRHPd18/TxtBOJ4A0/+uUIliorNrfYV6s1b02eQ==

object-path@^0.11.8:
  version "0.11.8"
  resolved "https://registry.npmjs.org/object-path/-/object-path-0.11.8.tgz"
  integrity sha512-YJjNZrlXJFM42wTBn6zgOJVar9KFJvzx6sTWDte8sWZF//cnjl0BxHNpfZx+ZffXX63A9q0b1zsFiBX4g4X5KA==

path-key@^3.1.0:
  version "3.1.1"
  resolved "https://registry.yarnpkg.com/path-key/-/path-key-3.1.1.tgz#581f6ade658cbba65a0d3380de7753295054f375"
  integrity sha512-ojmeN0qd+y0jszEtoY48r0Peq5dwMEkIlCOu6Q5f41lfkswXuKtYrhgoTpLnyIcHm24Uhqx+5Tqm2InSwLhE6Q==

picocolors@^1.0.0:
  version "1.0.0"
  resolved "https://registry.npmjs.org/picocolors/-/picocolors-1.0.0.tgz"
  integrity sha512-1fygroTLlHu66zi26VoTDv8yRgm0Fccecssto+MhsZ0D/DGW2sm8E8AjW7NU5VVTRt5GxbeZ5qBuJr+HyLYkjQ==

picomatch@^2.3.1:
  version "2.3.1"
  resolved "https://registry.npmjs.org/picomatch/-/picomatch-2.3.1.tgz"
  integrity sha512-JU3teHTNjmE2VCGFzuY8EXzCDVwEqB2a8fsIvwaStHhAWJEeVd1o1QD80CU6+ZdEXXSLbSsuLwJjkCBWqRQUVA==

playwright-core@1.40.0:
  version "1.40.0"
  resolved "https://registry.npmjs.org/playwright-core/-/playwright-core-1.40.0.tgz"
  integrity sha512-fvKewVJpGeca8t0ipM56jkVSU6Eo0RmFvQ/MaCQNDYm+sdvKkMBBWTE1FdeMqIdumRaXXjZChWHvIzCGM/tA/Q==

playwright@1.40.0:
  version "1.40.0"
  resolved "https://registry.npmjs.org/playwright/-/playwright-1.40.0.tgz"
  integrity sha512-gyHAgQjiDf1m34Xpwzaqb76KgfzYrhK7iih+2IzcOCoZWr/8ZqmdBw+t0RU85ZmfJMgtgAiNtBQ/KS2325INXw==
  dependencies:
    playwright-core "1.40.0"
  optionalDependencies:
    fsevents "2.3.2"

randombytes@^2.1.0:
  version "2.1.0"
  resolved "https://registry.npmjs.org/randombytes/-/randombytes-2.1.0.tgz"
  integrity sha512-vYl3iOX+4CKUWuxGi9Ukhie6fsqXqS9FE2Zaic4tNFD2N2QQaXOMFbuKK4QmDHC0JO6B1Zp41J0LpT0oR68amQ==
  dependencies:
    safe-buffer "^5.1.0"

rollup-plugin-terser@^7.0.2:
  version "7.0.2"
  resolved "https://registry.npmjs.org/rollup-plugin-terser/-/rollup-plugin-terser-7.0.2.tgz"
  integrity sha512-w3iIaU4OxcF52UUXiZNsNeuXIMDvFrr+ZXK6bFZ0Q60qyVfq4uLptoS4bbq3paG3x216eQllFZX7zt6TIImguQ==
  dependencies:
    "@babel/code-frame" "^7.10.4"
    jest-worker "^26.2.1"
    serialize-javascript "^4.0.0"
    terser "^5.0.0"

rollup-plugin-ts@^3.4.5:
  version "3.4.5"
  resolved "https://registry.npmjs.org/rollup-plugin-ts/-/rollup-plugin-ts-3.4.5.tgz"
  integrity sha512-9iCstRJpEZXSRQuXitlSZAzcGlrqTbJg1pE4CMbEi6xYldxVncdPyzA2I+j6vnh73wBymZckerS+Q/iEE/M3Ow==
  dependencies:
    "@rollup/pluginutils" "^5.0.2"
    "@wessberg/stringutil" "^1.0.19"
    ansi-colors "^4.1.3"
    browserslist "^4.21.10"
    browserslist-generator "^2.1.0"
    compatfactory "^3.0.0"
    crosspath "^2.0.0"
    magic-string "^0.30.2"
    ts-clone-node "^3.0.0"
    tslib "^2.6.1"

rollup@^4.3.0:
  version "4.3.0"
  resolved "https://registry.npmjs.org/rollup/-/rollup-4.3.0.tgz"
  integrity sha512-scIi1NrKLDIYSPK66jjECtII7vIgdAMFmFo8h6qm++I6nN9qDSV35Ku6erzGVqYjx+lj+j5wkusRMr++8SyDZg==
  optionalDependencies:
    "@rollup/rollup-android-arm-eabi" "4.3.0"
    "@rollup/rollup-android-arm64" "4.3.0"
    "@rollup/rollup-darwin-arm64" "4.3.0"
    "@rollup/rollup-darwin-x64" "4.3.0"
    "@rollup/rollup-linux-arm-gnueabihf" "4.3.0"
    "@rollup/rollup-linux-arm64-gnu" "4.3.0"
    "@rollup/rollup-linux-arm64-musl" "4.3.0"
    "@rollup/rollup-linux-x64-gnu" "4.3.0"
    "@rollup/rollup-linux-x64-musl" "4.3.0"
    "@rollup/rollup-win32-arm64-msvc" "4.3.0"
    "@rollup/rollup-win32-ia32-msvc" "4.3.0"
    "@rollup/rollup-win32-x64-msvc" "4.3.0"
    fsevents "~2.3.2"

safe-buffer@^5.1.0:
  version "5.2.1"
  resolved "https://registry.npmjs.org/safe-buffer/-/safe-buffer-5.2.1.tgz"
  integrity sha512-rp3So07KcdmmKbGvgaNxQSJr7bGVSVk5S9Eq1F+ppbRo70+YeaDxkw5Dd8NPN+GD6bjnYm2VuPuCXmpuYvmCXQ==

semver@^7.5.4:
  version "7.5.4"
  resolved "https://registry.npmjs.org/semver/-/semver-7.5.4.tgz"
  integrity sha512-1bCSESV6Pv+i21Hvpxp3Dx+pSD8lIPt8uVjRrxAUt/nbswYc+tK6Y2btiULjd4+fnq15PX+nqQDC7Oft7WkwcA==
  dependencies:
    lru-cache "^6.0.0"

serialize-javascript@^4.0.0:
  version "4.0.0"
  resolved "https://registry.npmjs.org/serialize-javascript/-/serialize-javascript-4.0.0.tgz"
  integrity sha512-GaNA54380uFefWghODBWEGisLZFj00nS5ACs6yHa9nLqlLpVLO8ChDGeKRjZnV4Nh4n0Qi7nhYZD/9fCPzEqkw==
  dependencies:
    randombytes "^2.1.0"

shebang-command@^2.0.0:
  version "2.0.0"
  resolved "https://registry.yarnpkg.com/shebang-command/-/shebang-command-2.0.0.tgz#ccd0af4f8835fbdc265b82461aaf0c36663f34ea"
  integrity sha512-kHxr2zZpYtdmrN1qDjrrX/Z1rR1kG8Dx+gkpK1G4eXmvXswmcE1hTWBWYUzlraYw1/yZp6YuDY77YtvbN0dmDA==
  dependencies:
    shebang-regex "^3.0.0"

shebang-regex@^3.0.0:
  version "3.0.0"
  resolved "https://registry.yarnpkg.com/shebang-regex/-/shebang-regex-3.0.0.tgz#ae16f1644d873ecad843b0307b143362d4c42172"
  integrity sha512-7++dFhtcx3353uBaq8DDR4NuxBetBzC7ZQOhmTQInHEd6bSrXdiEyzCvG07Z44UYdLShWUyXt5M/yhz8ekcb1A==

source-map-support@~0.5.20:
  version "0.5.21"
  resolved "https://registry.npmjs.org/source-map-support/-/source-map-support-0.5.21.tgz"
  integrity sha512-uBHU3L3czsIyYXKX88fdrGovxdSCoTGDRZ6SYXtSRxLZUzHg5P/66Ht6uoUlHu9EZod+inXhKo3qQgwXUT/y1w==
  dependencies:
    buffer-from "^1.0.0"
    source-map "^0.6.0"

source-map@^0.6.0:
  version "0.6.1"
  resolved "https://registry.npmjs.org/source-map/-/source-map-0.6.1.tgz"
  integrity sha512-UjgapumWlbMhkBgzT7Ykc5YXUT46F0iKu8SGXq0bcwP5dz/h0Plj6enJqjz1Zbq2l5WaqYnrVbwWOWMyF3F47g==

supports-color@^5.3.0:
  version "5.5.0"
  resolved "https://registry.npmjs.org/supports-color/-/supports-color-5.5.0.tgz"
  integrity sha512-QjVjwdXIt408MIiAqCX4oUKsgU2EqAGzs2Ppkm4aQYbjm+ZEWEcW4SfFNTr4uMNZma0ey4f5lgLrkB0aX0QMow==
  dependencies:
    has-flag "^3.0.0"

supports-color@^7.0.0:
  version "7.2.0"
  resolved "https://registry.npmjs.org/supports-color/-/supports-color-7.2.0.tgz"
  integrity sha512-qpCAvRl9stuOHveKsn7HncJRvv501qIacKzQlO/+Lwxc9+0q2wLyv4Dfvt80/DPn2pqOBsJdDiogXGR9+OvwRw==
  dependencies:
    has-flag "^4.0.0"

terser@^5.0.0:
  version "5.16.6"
  resolved "https://registry.npmjs.org/terser/-/terser-5.16.6.tgz"
  integrity sha512-IBZ+ZQIA9sMaXmRZCUMDjNH0D5AQQfdn4WUjHL0+1lF4TP1IHRJbrhb6fNaXWikrYQTSkb7SLxkeXAiy1p7mbg==
  dependencies:
    "@jridgewell/source-map" "^0.3.2"
    acorn "^8.5.0"
    commander "^2.20.0"
    source-map-support "~0.5.20"

ts-clone-node@^3.0.0:
  version "3.0.0"
  resolved "https://registry.npmjs.org/ts-clone-node/-/ts-clone-node-3.0.0.tgz"
  integrity sha512-egavvyHbIoelkgh1IC2agNB1uMNjB8VJgh0g/cn0bg2XXTcrtjrGMzEk4OD3Fi2hocICjP3vMa56nkzIzq0FRg==
  dependencies:
    compatfactory "^3.0.0"

tslib@^2.6.1:
  version "2.6.2"
  resolved "https://registry.npmjs.org/tslib/-/tslib-2.6.2.tgz"
  integrity sha512-AEYxH93jGFPn/a2iVAwW87VuUIkR1FVUKB77NwMF7nBTDkDrrT/Hpt/IrCJ0QXhW27jTBDcf5ZY7w6RiqTMw2Q==

typescript@^5.2.2:
  version "5.2.2"
  resolved "https://registry.npmjs.org/typescript/-/typescript-5.2.2.tgz"
  integrity sha512-mI4WrpHsbCIcwT9cF4FZvr80QUeKvsUsUvKDoR+X/7XHQH98xYD8YHZg7ANtz2GtZt/CBq2QJ0thkGJMHfqc1w==

ua-parser-js@^1.0.35:
  version "1.0.35"
  resolved "https://registry.npmjs.org/ua-parser-js/-/ua-parser-js-1.0.35.tgz"
  integrity sha512-fKnGuqmTBnIE+/KXSzCn4db8RTigUzw1AN0DmdU6hJovUTbYJKyqj+8Mt1c4VfRDnOVJnENmfYkIPZ946UrSAA==

undici-types@~5.26.4:
  version "5.26.5"
  resolved "https://registry.npmjs.org/undici-types/-/undici-types-5.26.5.tgz"
  integrity sha512-JlCMO+ehdEIKqlFxk6IfVoAUVmgz7cU7zD/h9XZ0qzeosSHmUJVOzSQvvYSYWXkFXC+IfLKSIffhv0sVZup6pA==

update-browserslist-db@^1.0.11:
  version "1.0.11"
  resolved "https://registry.npmjs.org/update-browserslist-db/-/update-browserslist-db-1.0.11.tgz"
  integrity sha512-dCwEFf0/oT85M1fHBg4F0jtLwJrutGoHSQXCh7u4o2t1drG+c0a9Flnqww6XUKSfQMPpJBRjU8d4RXB09qtvaA==
  dependencies:
    escalade "^3.1.1"
    picocolors "^1.0.0"

which@^2.0.1:
  version "2.0.2"
  resolved "https://registry.yarnpkg.com/which/-/which-2.0.2.tgz#7c6a8dd0a636a0327e10b59c9286eee93f3f51b1"
  integrity sha512-BLI3Tl1TW3Pvl70l3yq3Y64i+awpwXqsGBYWkkqMtnbXgrMD+yj7rhW0kuEDxzJaYXGjEW5ogapKNMEKNMjibA==
  dependencies:
    isexe "^2.0.0"

yallist@^4.0.0:
  version "4.0.0"
  resolved "https://registry.npmjs.org/yallist/-/yallist-4.0.0.tgz"
  integrity sha512-3wdGidZyq5PB084XLES5TpOSRA3wjXAlIWMhum2kRcv/41Sn2emQ0dycQW4uZXLejwKvg6EsvbdlVL+FYEct7A==
